
Microsoft Visual Studio Solution File, Format Version 12.00
# Visual Studio Version 17
VisualStudioVersion = 17.13.35931.197
MinimumVisualStudioVersion = 10.0.40219.1
Project("{FAE04EC0-301F-11D3-BF4B-00C04F79EFBC}") = "Mvvm.DialogToolkit", "Mvvm.DialogToolkit.csproj", "{0CA1A064-BE47-887E-A60E-CE56975A6470}"
EndProject
Global
	GlobalSection(SolutionConfigurationPlatforms) = preSolution
		Debug|Any CPU = Debug|Any CPU
		Release|Any CPU = Release|Any CPU
	EndGlobalSection
	GlobalSection(ProjectConfigurationPlatforms) = postSolution
		{0CA1A064-BE47-887E-A60E-CE56975A6470}.Debug|Any CPU.ActiveCfg = Debug|Any CPU
		{0CA1A064-BE47-887E-A60E-CE56975A6470}.Debug|Any CPU.Build.0 = Debug|Any CPU
		{0CA1A064-BE47-887E-A60E-CE56975A6470}.Release|Any CPU.ActiveCfg = Release|Any CPU
		{0CA1A064-BE47-887E-A60E-CE56975A6470}.Release|Any CPU.Build.0 = Release|Any CPU
	EndGlobalSection
	GlobalSection(SolutionProperties) = preSolution
		HideSolutionNode = FALSE
	EndGlobalSection
	GlobalSection(ExtensibilityGlobals) = postSolution
		SolutionGuid = {EBB61A2D-906C-47A8-9CE0-BD8D53C1C614}
	EndGlobalSection
EndGlobal
